<?xml version="1.0" encoding="utf-8"?>
<Project ToolsVersion="4.0" xmlns="http://schemas.microsoft.com/developer/msbuild/2003">
  <ItemGroup>
    <Filter Include="Source Files">
      <UniqueIdentifier>{4FC737F1-C7A5-4376-A066-2A32D752A2FF}</UniqueIdentifier>
      <Extensions>cpp;c;cc;cxx;def;odl;idl;hpj;bat;asm;asmx</Extensions>
    </Filter>
    <Filter Include="Header Files">
      <UniqueIdentifier>{93995380-89BD-4b04-88EB-625FBE52EBFB}</UniqueIdentifier>
      <Extensions>h;hh;hpp;hxx;hm;inl;inc;xsd</Extensions>
    </Filter>
    <Filter Include="Resource Files">
      <UniqueIdentifier>{67DA6AB6-F800-4c08-8B7A-83BB121AAD01}</UniqueIdentifier>
      <Extensions>rc;ico;cur;bmp;dlg;rc2;rct;bin;rgs;gif;jpg;jpeg;jpe;resx;tiff;tif;png;wav;mfcribbon-ms</Extensions>
    </Filter>
    <Filter Include="Source Files\tier1">
      <UniqueIdentifier>{38d26bb8-591b-4c8f-aab6-bc3787e45752}</UniqueIdentifier>
    </Filter>
    <Filter Include="Source Files\vgui2">
      <UniqueIdentifier>{f3c30c65-a4da-49b1-a655-b95488386490}</UniqueIdentifier>
    </Filter>
    <Filter Include="Source Files\vgui2\controls">
      <UniqueIdentifier>{96888b7c-19e5-4862-bc1d-64fe55655cc7}</UniqueIdentifier>
    </Filter>
    <Filter Include="Source Files\public">
      <UniqueIdentifier>{feb84b85-67a9-4349-82a2-8ee8247df53f}</UniqueIdentifier>
    </Filter>
  </ItemGroup>
  <ItemGroup>
    <ClCompile Include="..\..\cstrike\cl_dll\cdll_int.cpp">
      <Filter>Source Files</Filter>
    </ClCompile>
    <ClCompile Include="..\..\cstrike\cl_dll\interface.cpp">
      <Filter>Source Files</Filter>
    </ClCompile>
    <ClCompile Include="..\..\cstrike\cl_dll\vgui_int.cpp">
      <Filter>Source Files</Filter>
    </ClCompile>
    <ClCompile Include="..\..\tier1\strtools.cpp">
      <Filter>Source Files\tier1</Filter>
    </ClCompile>
    <ClCompile Include="..\..\tier1\utlbuffer.cpp">
      <Filter>Source Files\tier1</Filter>
    </ClCompile>
    <ClCompile Include="..\..\tier1\utlstring.cpp">
      <Filter>Source Files\tier1</Filter>
    </ClCompile>
    <ClCompile Include="..\..\tier1\utlsymbol.cpp">
      <Filter>Source Files\tier1</Filter>
    </ClCompile>
    <ClCompile Include="..\..\tier1\keyvalues.cpp">
      <Filter>Source Files\tier1</Filter>
    </ClCompile>
    <ClCompile Include="..\..\tier1\mempool.cpp">
      <Filter>Source Files\tier1</Filter>
    </ClCompile>
    <ClCompile Include="..\..\tier1\memstack.cpp">
      <Filter>Source Files\tier1</Filter>
    </ClCompile>
    <ClCompile Include="..\..\tier1\stringpool.cpp">
      <Filter>Source Files\tier1</Filter>
    </ClCompile>
    <ClCompile Include="..\..\vgui2\controls\controls.cpp">
      <Filter>Source Files\vgui2\controls</Filter>
    </ClCompile>
    <ClCompile Include="..\..\tier1\generichash.cpp">
      <Filter>Source Files\tier1</Filter>
    </ClCompile>
    <ClCompile Include="..\..\vgui2\controls\panel.cpp">
      <Filter>Source Files\vgui2\controls</Filter>
    </ClCompile>
    <ClCompile Include="..\..\vgui2\controls\menu.cpp">
      <Filter>Source Files\vgui2\controls</Filter>
    </ClCompile>
    <ClCompile Include="..\..\vgui2\controls\tooltip.cpp">
      <Filter>Source Files\vgui2\controls</Filter>
    </ClCompile>
    <ClCompile Include="..\..\vgui2\controls\textentry.cpp">
      <Filter>Source Files\vgui2\controls</Filter>
    </ClCompile>
    <ClCompile Include="..\..\vgui2\controls\buildfactoryhelper.cpp">
      <Filter>Source Files\vgui2\controls</Filter>
    </ClCompile>
    <ClCompile Include="..\..\vgui2\controls\menuitem.cpp">
      <Filter>Source Files\vgui2\controls</Filter>
    </ClCompile>
    <ClCompile Include="..\..\vgui2\controls\label.cpp">
      <Filter>Source Files\vgui2\controls</Filter>
    </ClCompile>
    <ClCompile Include="..\..\vgui2\controls\textimage.cpp">
      <Filter>Source Files\vgui2\controls</Filter>
    </ClCompile>
    <ClCompile Include="..\..\vgui2\controls\scrollbar.cpp">
      <Filter>Source Files\vgui2\controls</Filter>
    </ClCompile>
    <ClCompile Include="..\..\vgui2\controls\animatingimagepanel.cpp">
      <Filter>Source Files\vgui2\controls</Filter>
    </ClCompile>
    <ClCompile Include="..\..\vgui2\controls\animationcontroller.cpp">
      <Filter>Source Files\vgui2\controls</Filter>
    </ClCompile>
    <ClCompile Include="..\..\vgui2\controls\bitmapimagepanel.cpp">
      <Filter>Source Files\vgui2\controls</Filter>
    </ClCompile>
    <ClCompile Include="..\..\vgui2\controls\buildgroup.cpp">
      <Filter>Source Files\vgui2\controls</Filter>
    </ClCompile>
    <ClCompile Include="..\..\vgui2\controls\buildmodedialog.cpp">
      <Filter>Source Files\vgui2\controls</Filter>
    </ClCompile>
    <ClCompile Include="..\..\vgui2\controls\button.cpp">
      <Filter>Source Files\vgui2\controls</Filter>
    </ClCompile>
    <ClCompile Include="..\..\vgui2\controls\checkbutton.cpp">
      <Filter>Source Files\vgui2\controls</Filter>
    </ClCompile>
    <ClCompile Include="..\..\vgui2\controls\checkbuttonlist.cpp">
      <Filter>Source Files\vgui2\controls</Filter>
    </ClCompile>
    <ClCompile Include="..\..\vgui2\controls\combobox.cpp">
      <Filter>Source Files\vgui2\controls</Filter>
    </ClCompile>
    <ClCompile Include="..\..\vgui2\controls\directoryselectdialog.cpp">
      <Filter>Source Files\vgui2\controls</Filter>
    </ClCompile>
    <ClCompile Include="..\..\vgui2\controls\divider.cpp">
      <Filter>Source Files\vgui2\controls</Filter>
    </ClCompile>
    <ClCompile Include="..\..\vgui2\controls\editablepanel.cpp">
      <Filter>Source Files\vgui2\controls</Filter>
    </ClCompile>
    <ClCompile Include="..\..\vgui2\controls\expandbutton.cpp">
      <Filter>Source Files\vgui2\controls</Filter>
    </ClCompile>
    <ClCompile Include="..\..\vgui2\controls\fileopendialog.cpp">
      <Filter>Source Files\vgui2\controls</Filter>
    </ClCompile>
    <ClCompile Include="..\..\vgui2\controls\focusnavgroup.cpp">
      <Filter>Source Files\vgui2\controls</Filter>
    </ClCompile>
    <ClCompile Include="..\..\vgui2\controls\frame.cpp">
      <Filter>Source Files\vgui2\controls</Filter>
    </ClCompile>
    <ClCompile Include="..\..\vgui2\controls\graphpanel.cpp">
      <Filter>Source Files\vgui2\controls</Filter>
    </ClCompile>
    <ClCompile Include="..\..\vgui2\controls\html.cpp">
      <Filter>Source Files\vgui2\controls</Filter>
    </ClCompile>
    <ClCompile Include="..\..\vgui2\controls\image.cpp">
      <Filter>Source Files\vgui2\controls</Filter>
    </ClCompile>
    <ClCompile Include="..\..\vgui2\controls\imagelist.cpp">
      <Filter>Source Files\vgui2\controls</Filter>
    </ClCompile>
    <ClCompile Include="..\..\vgui2\controls\imagepanel.cpp">
      <Filter>Source Files\vgui2\controls</Filter>
    </ClCompile>
    <ClCompile Include="..\..\vgui2\controls\inputdialog.cpp">
      <Filter>Source Files\vgui2\controls</Filter>
    </ClCompile>
    <ClCompile Include="..\..\vgui2\controls\keybindinghelpdialog.cpp">
      <Filter>Source Files\vgui2\controls</Filter>
    </ClCompile>
    <ClCompile Include="..\..\vgui2\controls\keyboardeditordialog.cpp">
      <Filter>Source Files\vgui2\controls</Filter>
    </ClCompile>
    <ClCompile Include="..\..\vgui2\controls\listpanel.cpp">
      <Filter>Source Files\vgui2\controls</Filter>
    </ClCompile>
    <ClCompile Include="..\..\vgui2\controls\listviewpanel.cpp">
      <Filter>Source Files\vgui2\controls</Filter>
    </ClCompile>
    <ClCompile Include="..\..\vgui2\controls\menubar.cpp">
      <Filter>Source Files\vgui2\controls</Filter>
    </ClCompile>
    <ClCompile Include="..\..\vgui2\controls\menubutton.cpp">
      <Filter>Source Files\vgui2\controls</Filter>
    </ClCompile>
    <ClCompile Include="..\..\vgui2\controls\messagebox.cpp">
      <Filter>Source Files\vgui2\controls</Filter>
    </ClCompile>
    <ClCompile Include="..\..\vgui2\controls\panellistpanel.cpp">
      <Filter>Source Files\vgui2\controls</Filter>
    </ClCompile>
    <ClCompile Include="..\..\vgui2\controls\progressbar.cpp">
      <Filter>Source Files\vgui2\controls</Filter>
    </ClCompile>
    <ClCompile Include="..\..\vgui2\controls\progressbox.cpp">
      <Filter>Source Files\vgui2\controls</Filter>
    </ClCompile>
    <ClCompile Include="..\..\vgui2\controls\propertydialog.cpp">
      <Filter>Source Files\vgui2\controls</Filter>
    </ClCompile>
    <ClCompile Include="..\..\vgui2\controls\propertypage.cpp">
      <Filter>Source Files\vgui2\controls</Filter>
    </ClCompile>
    <ClCompile Include="..\..\vgui2\controls\propertysheet.cpp">
      <Filter>Source Files\vgui2\controls</Filter>
    </ClCompile>
    <ClCompile Include="..\..\vgui2\controls\querybox.cpp">
      <Filter>Source Files\vgui2\controls</Filter>
    </ClCompile>
    <ClCompile Include="..\..\vgui2\controls\radiobutton.cpp">
      <Filter>Source Files\vgui2\controls</Filter>
    </ClCompile>
    <ClCompile Include="..\..\vgui2\controls\richtext.cpp">
      <Filter>Source Files\vgui2\controls</Filter>
    </ClCompile>
    <ClCompile Include="..\..\vgui2\controls\scrollbarslider.cpp">
      <Filter>Source Files\vgui2\controls</Filter>
    </ClCompile>
    <ClCompile Include="..\..\vgui2\controls\sectionedlistpanel.cpp">
      <Filter>Source Files\vgui2\controls</Filter>
    </ClCompile>
    <ClCompile Include="..\..\vgui2\controls\slider.cpp">
      <Filter>Source Files\vgui2\controls</Filter>
    </ClCompile>
    <ClCompile Include="..\..\vgui2\controls\splitter.cpp">
      <Filter>Source Files\vgui2\controls</Filter>
    </ClCompile>
    <ClCompile Include="..\..\vgui2\controls\togglebutton.cpp">
      <Filter>Source Files\vgui2\controls</Filter>
    </ClCompile>
    <ClCompile Include="..\..\vgui2\controls\toolwindow.cpp">
      <Filter>Source Files\vgui2\controls</Filter>
    </ClCompile>
    <ClCompile Include="..\..\vgui2\controls\treeview.cpp">
      <Filter>Source Files\vgui2\controls</Filter>
    </ClCompile>
    <ClCompile Include="..\..\vgui2\controls\treeviewlistcontrol.cpp">
      <Filter>Source Files\vgui2\controls</Filter>
    </ClCompile>
    <ClCompile Include="..\..\vgui2\controls\urllabel.cpp">
      <Filter>Source Files\vgui2\controls</Filter>
    </ClCompile>
    <ClCompile Include="..\..\vgui2\controls\wizardpanel.cpp">
      <Filter>Source Files\vgui2\controls</Filter>
    </ClCompile>
    <ClCompile Include="..\..\vgui2\controls\wizardsubpanel.cpp">
      <Filter>Source Files\vgui2\controls</Filter>
    </ClCompile>
    <ClCompile Include="..\..\public\filesystem_helpers.cpp">
      <Filter>Source Files\public</Filter>
    </ClCompile>
    <ClCompile Include="..\..\tier1\characterset.cpp">
      <Filter>Source Files\tier1</Filter>
    </ClCompile>
  </ItemGroup>
  <ItemGroup>
    <ClInclude Include="..\..\cstrike\cl_dll\interface.h">
      <Filter>Header Files</Filter>
    </ClInclude>
    <ClInclude Include="..\..\cstrike\cl_dll\IClientVGUI.h">
      <Filter>Header Files</Filter>
    </ClInclude>
  </ItemGroup>
</Project>